
Microsoft Visual Studio Solution File, Format Version 12.00
# Visual Studio Version 17
VisualStudioVersion = 17.7.34031.279
MinimumVisualStudioVersion = 10.0.40219.1
Project("{9A19103F-16F7-4668-BE54-9A1E7A4F7556}") = "PizzaProject.Core", "PizzaProject.Core\PizzaProject.Core.csproj", "{FD0D4C28-3C24-44F2-98B8-1199FDE9CD82}"
EndProject
Project("{9A19103F-16F7-4668-BE54-9A1E7A4F7556}") = "PizzaProject.Model", "PizzaProject.Model\PizzaProject.Model.csproj", "{7BC90F55-26BC-4A06-8F5C-DE53951DAFA1}"
EndProject
Project("{9A19103F-16F7-4668-BE54-9A1E7A4F7556}") = "PizzaProject.WebUI", "PizzaProject.WebUI\PizzaProject.WebUI.csproj", "{910CF697-C26F-4A05-9950-9B09A627F56A}"
EndProject
Project("{FAE04EC0-301F-11D3-BF4B-00C04F79EFBC}") = "PizzaProject.WebApi", "PizzaProject.WebApi\PizzaProject.WebApi.csproj", "{32423D4A-A59B-4358-AE14-C7C47A390129}"
EndProject
Global
	GlobalSection(SolutionConfigurationPlatforms) = preSolution
		Debug|Any CPU = Debug|Any CPU
		Release|Any CPU = Release|Any CPU
	EndGlobalSection
	GlobalSection(ProjectConfigurationPlatforms) = postSolution
		{FD0D4C28-3C24-44F2-98B8-1199FDE9CD82}.Debug|Any CPU.ActiveCfg = Debug|Any CPU
		{FD0D4C28-3C24-44F2-98B8-1199FDE9CD82}.Debug|Any CPU.Build.0 = Debug|Any CPU
		{FD0D4C28-3C24-44F2-98B8-1199FDE9CD82}.Release|Any CPU.ActiveCfg = Release|Any CPU
		{FD0D4C28-3C24-44F2-98B8-1199FDE9CD82}.Release|Any CPU.Build.0 = Release|Any CPU
		{7BC90F55-26BC-4A06-8F5C-DE53951DAFA1}.Debug|Any CPU.ActiveCfg = Debug|Any CPU
		{7BC90F55-26BC-4A06-8F5C-DE53951DAFA1}.Debug|Any CPU.Build.0 = Debug|Any CPU
		{7BC90F55-26BC-4A06-8F5C-DE53951DAFA1}.Release|Any CPU.ActiveCfg = Release|Any CPU
		{7BC90F55-26BC-4A06-8F5C-DE53951DAFA1}.Release|Any CPU.Build.0 = Release|Any CPU
		{910CF697-C26F-4A05-9950-9B09A627F56A}.Debug|Any CPU.ActiveCfg = Debug|Any CPU
		{910CF697-C26F-4A05-9950-9B09A627F56A}.Debug|Any CPU.Build.0 = Debug|Any CPU
		{910CF697-C26F-4A05-9950-9B09A627F56A}.Release|Any CPU.ActiveCfg = Release|Any CPU
		{910CF697-C26F-4A05-9950-9B09A627F56A}.Release|Any CPU.Build.0 = Release|Any CPU
		{32423D4A-A59B-4358-AE14-C7C47A390129}.Debug|Any CPU.ActiveCfg = Debug|Any CPU
		{32423D4A-A59B-4358-AE14-C7C47A390129}.Debug|Any CPU.Build.0 = Debug|Any CPU
		{32423D4A-A59B-4358-AE14-C7C47A390129}.Release|Any CPU.ActiveCfg = Release|Any CPU
		{32423D4A-A59B-4358-AE14-C7C47A390129}.Release|Any CPU.Build.0 = Release|Any CPU
	EndGlobalSection
	GlobalSection(SolutionProperties) = preSolution
		HideSolutionNode = FALSE
	EndGlobalSection
	GlobalSection(ExtensibilityGlobals) = postSolution
		SolutionGuid = {58ECB4E0-8735-425E-A944-449FFD1D5097}
	EndGlobalSection
EndGlobal
